
Microsoft Visual Studio Solution File, Format Version 12.00
# Visual Studio Version 16
VisualStudioVersion = 16.0.33328.57
MinimumVisualStudioVersion = 10.0.40219.1
Project("{9A19103F-16F7-4668-BE54-9A1E7A4F7556}") = "AdminUsuariosRoles", "AdminUsuariosRoles\AdminUsuariosRoles.csproj", "{3C7AAB05-81BE-48D7-97CD-D1CBCE00AC1A}"
EndProject
Project("{9A19103F-16F7-4668-BE54-9A1E7A4F7556}") = "AdminRoles", "AdminRoles\AdminRoles.csproj", "{77C6E338-C266-4897-8439-7E0FC5837461}"
EndProject
Global
	GlobalSection(SolutionConfigurationPlatforms) = preSolution
		Debug|Any CPU = Debug|Any CPU
		Release|Any CPU = Release|Any CPU
	EndGlobalSection
	GlobalSection(ProjectConfigurationPlatforms) = postSolution
		{3C7AAB05-81BE-48D7-97CD-D1CBCE00AC1A}.Debug|Any CPU.ActiveCfg = Debug|Any CPU
		{3C7AAB05-81BE-48D7-97CD-D1CBCE00AC1A}.Debug|Any CPU.Build.0 = Debug|Any CPU
		{3C7AAB05-81BE-48D7-97CD-D1CBCE00AC1A}.Release|Any CPU.ActiveCfg = Release|Any CPU
		{3C7AAB05-81BE-48D7-97CD-D1CBCE00AC1A}.Release|Any CPU.Build.0 = Release|Any CPU
		{77C6E338-C266-4897-8439-7E0FC5837461}.Debug|Any CPU.ActiveCfg = Debug|Any CPU
		{77C6E338-C266-4897-8439-7E0FC5837461}.Debug|Any CPU.Build.0 = Debug|Any CPU
		{77C6E338-C266-4897-8439-7E0FC5837461}.Release|Any CPU.ActiveCfg = Release|Any CPU
		{77C6E338-C266-4897-8439-7E0FC5837461}.Release|Any CPU.Build.0 = Release|Any CPU
	EndGlobalSection
	GlobalSection(SolutionProperties) = preSolution
		HideSolutionNode = FALSE
	EndGlobalSection
	GlobalSection(ExtensibilityGlobals) = postSolution
		SolutionGuid = {573FAF22-7264-4DEA-8D7C-3F27FA44CBE7}
	EndGlobalSection
EndGlobal
